
Microsoft Visual Studio Solution File, Format Version 12.00
# Visual Studio Version 17
VisualStudioVersion = 17.14.36908.2 d17.14
MinimumVisualStudioVersion = 10.0.40219.1
Project("{FAE04EC0-301F-11D3-BF4B-00C04F79EFBC}") = "Curs2_Exercitiu_delegat", "Curs2_Exercitiu_delegat\Curs2_Exercitiu_delegat.csproj", "{AA8BEBE1-815B-42E9-8579-836D7DF8C361}"
EndProject
Global
	GlobalSection(SolutionConfigurationPlatforms) = preSolution
		Debug|Any CPU = Debug|Any CPU
		Release|Any CPU = Release|Any CPU
	EndGlobalSection
	GlobalSection(ProjectConfigurationPlatforms) = postSolution
		{AA8BEBE1-815B-42E9-8579-836D7DF8C361}.Debug|Any CPU.ActiveCfg = Debug|Any CPU
		{AA8BEBE1-815B-42E9-8579-836D7DF8C361}.Debug|Any CPU.Build.0 = Debug|Any CPU
		{AA8BEBE1-815B-42E9-8579-836D7DF8C361}.Release|Any CPU.ActiveCfg = Release|Any CPU
		{AA8BEBE1-815B-42E9-8579-836D7DF8C361}.Release|Any CPU.Build.0 = Release|Any CPU
	EndGlobalSection
	GlobalSection(SolutionProperties) = preSolution
		HideSolutionNode = FALSE
	EndGlobalSection
	GlobalSection(ExtensibilityGlobals) = postSolution
		SolutionGuid = {18610624-2B76-4CAD-B8C0-27D34C952744}
	EndGlobalSection
EndGlobal
